# This file is automatically @generated by Cargo.
# It is not intended for manual editing.
version = 4

[[package]]
name = "codepack-archive"
version = "2.0.0-dev"

[[package]]
name = "codepack-cli"
version = "2.0.0-dev"

[[package]]
name = "codepack-core"
version = "2.0.0-dev"

[[package]]
name = "codepack-diff"
version = "2.0.0-dev"

[[package]]
name = "codepack-engine"
version = "2.0.0-dev"

[[package]]
name = "codepack-reports"
version = "2.0.0-dev"

[[package]]
name = "codepack-scanner"
version = "2.0.0-dev"

[[package]]
name = "codepack-security"
version = "2.0.0-dev"

[[package]]
name = "codepack-storage"
version = "2.0.0-dev"

[[package]]
name = "codepack-tokens"
version = "2.0.0-dev"

[[package]]
name = "xtask"
version = "2.0.0-dev"
